// !$*UTF8*$!
{
	archiveVersion = 1;
	classes = {
	};
	objectVersion = 50;
	objects = {

/* Begin PBXBuildFile section */
		A8506DB825BD90C300509120 /* OddOccurrencesInArray.cpp in Sources */ = {isa = PBXBuildFile; fileRef = A8506DB625BD90C300509120 /* OddOccurrencesInArray.cpp */; };
		A8506DBC25BD9BD100509120 /* FrogJmp.cpp in Sources */ = {isa = PBXBuildFile; fileRef = A8506DBA25BD9BD100509120 /* FrogJmp.cpp */; };
		A8506DC025BDA04C00509120 /* PermMissingElem.cpp in Sources */ = {isa = PBXBuildFile; fileRef = A8506DBE25BDA04C00509120 /* PermMissingElem.cpp */; };
		A8506DC425BDFF7800509120 /* TapeEquilibrium.cpp in Sources */ = {isa = PBXBuildFile; fileRef = A8506DC225BDFF7800509120 /* TapeEquilibrium.cpp */; };
		A8D3CEAC25BD68CB0048A9C0 /* main.cpp in Sources */ = {isa = PBXBuildFile; fileRef = A8D3CEAB25BD68CB0048A9C0 /* main.cpp */; };
		A8D3CEB525BD68F10048A9C0 /* BinaryGap.cpp in Sources */ = {isa = PBXBuildFile; fileRef = A8D3CEB325BD68F10048A9C0 /* BinaryGap.cpp */; };
		A8D3CEB925BD69D40048A9C0 /* CyclicRotation.cpp in Sources */ = {isa = PBXBuildFile; fileRef = A8D3CEB725BD69D40048A9C0 /* CyclicRotation.cpp */; };
/* End PBXBuildFile section */

/* Begin PBXCopyFilesBuildPhase section */
		A8D3CEA625BD68CB0048A9C0 /* CopyFiles */ = {
			isa = PBXCopyFilesBuildPhase;
			buildActionMask = 2147483647;
			dstPath = /usr/share/man/man1/;
			dstSubfolderSpec = 0;
			files = (
			);
			runOnlyForDeploymentPostprocessing = 1;
		};
/* End PBXCopyFilesBuildPhase section */

/* Begin PBXFileReference section */
		A8506DB625BD90C300509120 /* OddOccurrencesInArray.cpp */ = {isa = PBXFileReference; lastKnownFileType = sourcecode.cpp.cpp; path = OddOccurrencesInArray.cpp; sourceTree = "<group>"; };
		A8506DB725BD90C300509120 /* OddOccurrencesInArray.hpp */ = {isa = PBXFileReference; lastKnownFileType = sourcecode.cpp.h; path = OddOccurrencesInArray.hpp; sourceTree = "<group>"; };
		A8506DBA25BD9BD100509120 /* FrogJmp.cpp */ = {isa = PBXFileReference; lastKnownFileType = sourcecode.cpp.cpp; path = FrogJmp.cpp; sourceTree = "<group>"; };
		A8506DBB25BD9BD100509120 /* FrogJmp.hpp */ = {isa = PBXFileReference; lastKnownFileType = sourcecode.cpp.h; path = FrogJmp.hpp; sourceTree = "<group>"; };
		A8506DBE25BDA04C00509120 /* PermMissingElem.cpp */ = {isa = PBXFileReference; lastKnownFileType = sourcecode.cpp.cpp; path = PermMissingElem.cpp; sourceTree = "<group>"; };
		A8506DBF25BDA04C00509120 /* PermMissingElem.hpp */ = {isa = PBXFileReference; lastKnownFileType = sourcecode.cpp.h; path = PermMissingElem.hpp; sourceTree = "<group>"; };
		A8506DC225BDFF7800509120 /* TapeEquilibrium.cpp */ = {isa = PBXFileReference; lastKnownFileType = sourcecode.cpp.cpp; path = TapeEquilibrium.cpp; sourceTree = "<group>"; };
		A8506DC325BDFF7800509120 /* TapeEquilibrium.hpp */ = {isa = PBXFileReference; lastKnownFileType = sourcecode.cpp.h; path = TapeEquilibrium.hpp; sourceTree = "<group>"; };
		A8D3CEA825BD68CB0048A9C0 /* codilitySolutions */ = {isa = PBXFileReference; explicitFileType = "compiled.mach-o.executable"; includeInIndex = 0; path = codilitySolutions; sourceTree = BUILT_PRODUCTS_DIR; };
		A8D3CEAB25BD68CB0048A9C0 /* main.cpp */ = {isa = PBXFileReference; lastKnownFileType = sourcecode.cpp.cpp; path = main.cpp; sourceTree = "<group>"; };
		A8D3CEB325BD68F10048A9C0 /* BinaryGap.cpp */ = {isa = PBXFileReference; lastKnownFileType = sourcecode.cpp.cpp; path = BinaryGap.cpp; sourceTree = "<group>"; };
		A8D3CEB425BD68F10048A9C0 /* BinaryGap.hpp */ = {isa = PBXFileReference; lastKnownFileType = sourcecode.cpp.h; path = BinaryGap.hpp; sourceTree = "<group>"; };
		A8D3CEB725BD69D40048A9C0 /* CyclicRotation.cpp */ = {isa = PBXFileReference; lastKnownFileType = sourcecode.cpp.cpp; path = CyclicRotation.cpp; sourceTree = "<group>"; };
		A8D3CEB825BD69D40048A9C0 /* CyclicRotation.hpp */ = {isa = PBXFileReference; lastKnownFileType = sourcecode.cpp.h; path = CyclicRotation.hpp; sourceTree = "<group>"; };
/* End PBXFileReference section */

/* Begin PBXFrameworksBuildPhase section */
		A8D3CEA525BD68CB0048A9C0 /* Frameworks */ = {
			isa = PBXFrameworksBuildPhase;
			buildActionMask = 2147483647;
			files = (
			);
			runOnlyForDeploymentPostprocessing = 0;
		};
/* End PBXFrameworksBuildPhase section */

/* Begin PBXGroup section */
		A8D3CE9F25BD68CB0048A9C0 = {
			isa = PBXGroup;
			children = (
				A8D3CEAA25BD68CB0048A9C0 /* codilitySolutions */,
				A8D3CEA925BD68CB0048A9C0 /* Products */,
			);
			sourceTree = "<group>";
		};
		A8D3CEA925BD68CB0048A9C0 /* Products */ = {
			isa = PBXGroup;
			children = (
				A8D3CEA825BD68CB0048A9C0 /* codilitySolutions */,
			);
			name = Products;
			sourceTree = "<group>";
		};
		A8D3CEAA25BD68CB0048A9C0 /* codilitySolutions */ = {
			isa = PBXGroup;
			children = (
				A8D3CEAB25BD68CB0048A9C0 /* main.cpp */,
				A8D3CEB325BD68F10048A9C0 /* BinaryGap.cpp */,
				A8D3CEB425BD68F10048A9C0 /* BinaryGap.hpp */,
				A8D3CEB725BD69D40048A9C0 /* CyclicRotation.cpp */,
				A8D3CEB825BD69D40048A9C0 /* CyclicRotation.hpp */,
				A8506DB625BD90C300509120 /* OddOccurrencesInArray.cpp */,
				A8506DB725BD90C300509120 /* OddOccurrencesInArray.hpp */,
				A8506DBA25BD9BD100509120 /* FrogJmp.cpp */,
				A8506DBB25BD9BD100509120 /* FrogJmp.hpp */,
				A8506DBE25BDA04C00509120 /* PermMissingElem.cpp */,
				A8506DBF25BDA04C00509120 /* PermMissingElem.hpp */,
				A8506DC225BDFF7800509120 /* TapeEquilibrium.cpp */,
				A8506DC325BDFF7800509120 /* TapeEquilibrium.hpp */,
			);
			path = codilitySolutions;
			sourceTree = "<group>";
		};
/* End PBXGroup section */

/* Begin PBXNativeTarget section */
		A8D3CEA725BD68CB0048A9C0 /* codilitySolutions */ = {
			isa = PBXNativeTarget;
			buildConfigurationList = A8D3CEAF25BD68CB0048A9C0 /* Build configuration list for PBXNativeTarget "codilitySolutions" */;
			buildPhases = (
				A8D3CEA425BD68CB0048A9C0 /* Sources */,
				A8D3CEA525BD68CB0048A9C0 /* Frameworks */,
				A8D3CEA625BD68CB0048A9C0 /* CopyFiles */,
			);
			buildRules = (
			);
			dependencies = (
			);
			name = codilitySolutions;
			productName = codilitySolutions;
			productReference = A8D3CEA825BD68CB0048A9C0 /* codilitySolutions */;
			productType = "com.apple.product-type.tool";
		};
/* End PBXNativeTarget section */

/* Begin PBXProject section */
		A8D3CEA025BD68CB0048A9C0 /* Project object */ = {
			isa = PBXProject;
			attributes = {
				LastUpgradeCheck = 1230;
				TargetAttributes = {
					A8D3CEA725BD68CB0048A9C0 = {
						CreatedOnToolsVersion = 12.3;
					};
				};
			};
			buildConfigurationList = A8D3CEA325BD68CB0048A9C0 /* Build configuration list for PBXProject "codilitySolutions" */;
			compatibilityVersion = "Xcode 9.3";
			developmentRegion = en;
			hasScannedForEncodings = 0;
			knownRegions = (
				en,
				Base,
			);
			mainGroup = A8D3CE9F25BD68CB0048A9C0;
			productRefGroup = A8D3CEA925BD68CB0048A9C0 /* Products */;
			projectDirPath = "";
			projectRoot = "";
			targets = (
				A8D3CEA725BD68CB0048A9C0 /* codilitySolutions */,
			);
		};
/* End PBXProject section */

/* Begin PBXSourcesBuildPhase section */
		A8D3CEA425BD68CB0048A9C0 /* Sources */ = {
			isa = PBXSourcesBuildPhase;
			buildActionMask = 2147483647;
			files = (
				A8506DBC25BD9BD100509120 /* FrogJmp.cpp in Sources */,
				A8D3CEAC25BD68CB0048A9C0 /* main.cpp in Sources */,
				A8D3CEB925BD69D40048A9C0 /* CyclicRotation.cpp in Sources */,
				A8D3CEB525BD68F10048A9C0 /* BinaryGap.cpp in Sources */,
				A8506DB825BD90C300509120 /* OddOccurrencesInArray.cpp in Sources */,
				A8506DC025BDA04C00509120 /* PermMissingElem.cpp in Sources */,
				A8506DC425BDFF7800509120 /* TapeEquilibrium.cpp in Sources */,
			);
			runOnlyForDeploymentPostprocessing = 0;
		};
/* End PBXSourcesBuildPhase section */

/* Begin XCBuildConfiguration section */
		A8D3CEAD25BD68CB0048A9C0 /* Debug */ = {
			isa = XCBuildConfiguration;
			buildSettings = {
				ALWAYS_SEARCH_USER_PATHS = NO;
				CLANG_ANALYZER_NONNULL = YES;
				CLANG_ANALYZER_NUMBER_OBJECT_CONVERSION = YES_AGGRESSIVE;
				CLANG_CXX_LANGUAGE_STANDARD = "gnu++14";
				CLANG_CXX_LIBRARY = "libc++";
				CLANG_ENABLE_MODULES = YES;
				CLANG_ENABLE_OBJC_ARC = YES;
				CLANG_ENABLE_OBJC_WEAK = YES;
				CLANG_WARN_BLOCK_CAPTURE_AUTORELEASING = YES;
				CLANG_WARN_BOOL_CONVERSION = YES;
				CLANG_WARN_COMMA = YES;
				CLANG_WARN_CONSTANT_CONVERSION = YES;
				CLANG_WARN_DEPRECATED_OBJC_IMPLEMENTATIONS = YES;
				CLANG_WARN_DIRECT_OBJC_ISA_USAGE = YES_ERROR;
				CLANG_WARN_DOCUMENTATION_COMMENTS = YES;
				CLANG_WARN_EMPTY_BODY = YES;
				CLANG_WARN_ENUM_CONVERSION = YES;
				CLANG_WARN_INFINITE_RECURSION = YES;
				CLANG_WARN_INT_CONVERSION = YES;
				CLANG_WARN_NON_LITERAL_NULL_CONVERSION = YES;
				CLANG_WARN_OBJC_IMPLICIT_RETAIN_SELF = YES;
				CLANG_WARN_OBJC_LITERAL_CONVERSION = YES;
				CLANG_WARN_OBJC_ROOT_CLASS = YES_ERROR;
				CLANG_WARN_QUOTED_INCLUDE_IN_FRAMEWORK_HEADER = YES;
				CLANG_WARN_RANGE_LOOP_ANALYSIS = YES;
				CLANG_WARN_STRICT_PROTOTYPES = YES;
				CLANG_WARN_SUSPICIOUS_MOVE = YES;
				CLANG_WARN_UNGUARDED_AVAILABILITY = YES_AGGRESSIVE;
				CLANG_WARN_UNREACHABLE_CODE = YES;
				CLANG_WARN__DUPLICATE_METHOD_MATCH = YES;
				COPY_PHASE_STRIP = NO;
				DEBUG_INFORMATION_FORMAT = dwarf;
				ENABLE_STRICT_OBJC_MSGSEND = YES;
				ENABLE_TESTABILITY = YES;
				GCC_C_LANGUAGE_STANDARD = gnu11;
				GCC_DYNAMIC_NO_PIC = NO;
				GCC_NO_COMMON_BLOCKS = YES;
				GCC_OPTIMIZATION_LEVEL = 0;
				GCC_PREPROCESSOR_DEFINITIONS = (
					"DEBUG=1",
					"$(inherited)",
				);
				GCC_WARN_64_TO_32_BIT_CONVERSION = YES;
				GCC_WARN_ABOUT_RETURN_TYPE = YES_ERROR;
				GCC_WARN_UNDECLARED_SELECTOR = YES;
				GCC_WARN_UNINITIALIZED_AUTOS = YES_AGGRESSIVE;
				GCC_WARN_UNUSED_FUNCTION = YES;
				GCC_WARN_UNUSED_VARIABLE = YES;
				MACOSX_DEPLOYMENT_TARGET = 10.15;
				MTL_ENABLE_DEBUG_INFO = INCLUDE_SOURCE;
				MTL_FAST_MATH = YES;
				ONLY_ACTIVE_ARCH = YES;
				SDKROOT = macosx;
			};
			name = Debug;
		};
		A8D3CEAE25BD68CB0048A9C0 /* Release */ = {
			isa = XCBuildConfiguration;
			buildSettings = {
				ALWAYS_SEARCH_USER_PATHS = NO;
				CLANG_ANALYZER_NONNULL = YES;
				CLANG_ANALYZER_NUMBER_OBJECT_CONVERSION = YES_AGGRESSIVE;
				CLANG_CXX_LANGUAGE_STANDARD = "gnu++14";
				CLANG_CXX_LIBRARY = "libc++";
				CLANG_ENABLE_MODULES = YES;
				CLANG_ENABLE_OBJC_ARC = YES;
				CLANG_ENABLE_OBJC_WEAK = YES;
				CLANG_WARN_BLOCK_CAPTURE_AUTORELEASING = YES;
				CLANG_WARN_BOOL_CONVERSION = YES;
				CLANG_WARN_COMMA = YES;
				CLANG_WARN_CONSTANT_CONVERSION = YES;
				CLANG_WARN_DEPRECATED_OBJC_IMPLEMENTATIONS = YES;
				CLANG_WARN_DIRECT_OBJC_ISA_USAGE = YES_ERROR;
				CLANG_WARN_DOCUMENTATION_COMMENTS = YES;
				CLANG_WARN_EMPTY_BODY = YES;
				CLANG_WARN_ENUM_CONVERSION = YES;
				CLANG_WARN_INFINITE_RECURSION = YES;
				CLANG_WARN_INT_CONVERSION = YES;
				CLANG_WARN_NON_LITERAL_NULL_CONVERSION = YES;
				CLANG_WARN_OBJC_IMPLICIT_RETAIN_SELF = YES;
				CLANG_WARN_OBJC_LITERAL_CONVERSION = YES;
				CLANG_WARN_OBJC_ROOT_CLASS = YES_ERROR;
				CLANG_WARN_QUOTED_INCLUDE_IN_FRAMEWORK_HEADER = YES;
				CLANG_WARN_RANGE_LOOP_ANALYSIS = YES;
				CLANG_WARN_STRICT_PROTOTYPES = YES;
				CLANG_WARN_SUSPICIOUS_MOVE = YES;
				CLANG_WARN_UNGUARDED_AVAILABILITY = YES_AGGRESSIVE;
				CLANG_WARN_UNREACHABLE_CODE = YES;
				CLANG_WARN__DUPLICATE_METHOD_MATCH = YES;
				COPY_PHASE_STRIP = NO;
				DEBUG_INFORMATION_FORMAT = "dwarf-with-dsym";
				ENABLE_NS_ASSERTIONS = NO;
				ENABLE_STRICT_OBJC_MSGSEND = YES;
				GCC_C_LANGUAGE_STANDARD = gnu11;
				GCC_NO_COMMON_BLOCKS = YES;
				GCC_WARN_64_TO_32_BIT_CONVERSION = YES;
				GCC_WARN_ABOUT_RETURN_TYPE = YES_ERROR;
				GCC_WARN_UNDECLARED_SELECTOR = YES;
				GCC_WARN_UNINITIALIZED_AUTOS = YES_AGGRESSIVE;
				GCC_WARN_UNUSED_FUNCTION = YES;
				GCC_WARN_UNUSED_VARIABLE = YES;
				MACOSX_DEPLOYMENT_TARGET = 10.15;
				MTL_ENABLE_DEBUG_INFO = NO;
				MTL_FAST_MATH = YES;
				SDKROOT = macosx;
			};
			name = Release;
		};
		A8D3CEB025BD68CB0048A9C0 /* Debug */ = {
			isa = XCBuildConfiguration;
			buildSettings = {
				CODE_SIGN_STYLE = Automatic;
				DEVELOPMENT_TEAM = SMZAVF62BM;
				ENABLE_HARDENED_RUNTIME = YES;
				PRODUCT_NAME = "$(TARGET_NAME)";
			};
			name = Debug;
		};
		A8D3CEB125BD68CB0048A9C0 /* Release */ = {
			isa = XCBuildConfiguration;
			buildSettings = {
				CODE_SIGN_STYLE = Automatic;
				DEVELOPMENT_TEAM = SMZAVF62BM;
				ENABLE_HARDENED_RUNTIME = YES;
				PRODUCT_NAME = "$(TARGET_NAME)";
			};
			name = Release;
		};
/* End XCBuildConfiguration section */

/* Begin XCConfigurationList section */
		A8D3CEA325BD68CB0048A9C0 /* Build configuration list for PBXProject "codilitySolutions" */ = {
			isa = XCConfigurationList;
			buildConfigurations = (
				A8D3CEAD25BD68CB0048A9C0 /* Debug */,
				A8D3CEAE25BD68CB0048A9C0 /* Release */,
			);
			defaultConfigurationIsVisible = 0;
			defaultConfigurationName = Release;
		};
		A8D3CEAF25BD68CB0048A9C0 /* Build configuration list for PBXNativeTarget "codilitySolutions" */ = {
			isa = XCConfigurationList;
			buildConfigurations = (
				A8D3CEB025BD68CB0048A9C0 /* Debug */,
				A8D3CEB125BD68CB0048A9C0 /* Release */,
			);
			defaultConfigurationIsVisible = 0;
			defaultConfigurationName = Release;
		};
/* End XCConfigurationList section */
	};
	rootObject = A8D3CEA025BD68CB0048A9C0 /* Project object */;
}
